<?xml version="1.0" encoding="UTF-8" standalone="yes" ?>
<CodeBlocks_project_file>
	<FileVersion major="1" minor="6" />
	<Project>
		<Option title="ClientSide" />
		<Option pch_mode="2" />
		<Option compiler="gcc" />
		<Build>
			<Target title="Debug">
				<Option platforms="Windows;" />
				<Option output="bin/Debug/ClientSide" prefix_auto="1" extension_auto="1" />
				<Option object_output="obj/Debug/" />
				<Option type="1" />
				<Option compiler="gcc" />
				<Compiler>
					<Add option="-std=c++11" />
					<Add option="-g" />
					<Add directory="../libraries/glm" />
					<Add directory="../libraries/SDL2/include" />
					<Add directory="../libraries/glew-2.0.0/include" />
					<Add directory="../libraries/bullet3-2.85" />
					<Add directory="../libraries/bullet3-2.85/bullet" />
				</Compiler>
				<Linker>
					<Add option="-lmingw32" />
					<Add library="OpenGL32" />
					<Add library="..\libraries\glew-2.0.0\bin\Release\x64\glew32.dll" />
					<Add library="..\libraries\SDL2\lib\libSDL2main.a" />
					<Add library="..\libraries\SDL2\bin\SDL2.dll" />
					<Add library="..\libraries\bullet\lib\libBullet2FileLoader.dll" />
					<Add library="..\libraries\bullet\lib\libBullet3Collision.dll" />
					<Add library="..\libraries\bullet\lib\libBullet3Common.dll" />
					<Add library="..\libraries\bullet\lib\libBullet3Dynamics.dll" />
					<Add library="..\libraries\bullet\lib\libBullet3Geometry.dll" />
					<Add library="..\libraries\bullet\lib\libBullet3OpenCL_clew.dll" />
					<Add library="..\libraries\bullet\lib\libBulletCollision.dll" />
					<Add library="..\libraries\bullet\lib\libBulletDynamics.dll" />
					<Add library="..\libraries\bullet\lib\libBulletInverseDynamics.dll" />
					<Add library="..\libraries\bullet\lib\libBulletSoftBody.dll" />
					<Add library="..\libraries\bullet\lib\libLinearMath.dll" />
				</Linker>
			</Target>
			<Target title="Release">
				<Option output="bin/Release/ClientSide" prefix_auto="1" extension_auto="1" />
				<Option object_output="obj/Release/" />
				<Option type="1" />
				<Option compiler="gcc" />
				<Compiler>
					<Add option="-O2" />
				</Compiler>
				<Linker>
					<Add option="-s" />
				</Linker>
			</Target>
		</Build>
		<Compiler>
			<Add option="-Wall" />
			<Add option="-fexceptions" />
		</Compiler>
		<Unit filename="box.cpp" />
		<Unit filename="box.h" />
		<Unit filename="camera.cpp" />
		<Unit filename="camera.h" />
		<Unit filename="display.cpp" />
		<Unit filename="display.h" />
		<Unit filename="entity.cpp" />
		<Unit filename="entity.h" />
		<Unit filename="font.cpp" />
		<Unit filename="font.h" />
		<Unit filename="input.cpp" />
		<Unit filename="input.h" />
		<Unit filename="main.cpp" />
		<Unit filename="mesh.cpp" />
		<Unit filename="mesh.h" />
		<Unit filename="player.cpp" />
		<Unit filename="player.h" />
		<Unit filename="shader.cpp" />
		<Unit filename="shader.h" />
		<Unit filename="sphere.cpp" />
		<Unit filename="sphere.h" />
		<Unit filename="text.cpp" />
		<Unit filename="text.h" />
		<Unit filename="textshader.cpp" />
		<Unit filename="textshader.h" />
		<Unit filename="texture.cpp" />
		<Unit filename="texture.h" />
		<Extensions>
			<code_completion />
			<envvars />
			<debugger />
			<lib_finder disable_auto="1" />
		</Extensions>
	</Project>
</CodeBlocks_project_file>
