<?xml version="1.0" encoding="UTF-8" standalone="yes" ?>
<CodeBlocks_project_file>
	<FileVersion major="1" minor="6" />
	<Project>
		<Option title="ClientSide" />
		<Option pch_mode="2" />
		<Option compiler="gcc" />
		<Build>
			<Target title="Debug">
				<Option output="bin/Debug/ClientSide" prefix_auto="1" extension_auto="1" />
				<Option object_output="obj/Debug/" />
				<Option type="1" />
				<Option compiler="gcc" />
				<Compiler>
					<Add option="-g" />
					<Add directory="res/libraries/glm" />
					<Add directory="res/libraries/SDL2/include" />
					<Add directory="res/libraries/glew/include" />
					<Add directory="res/libraries/bullet" />
					<Add directory="res/libraries/bullet/bullet" />
					<Add directory="../ClientSide" />
					<Add directory="particles" />
				</Compiler>
				<Linker>
					<Add option="-lmingw32" />
					<Add library="OpenGL32" />
					<Add library="res/libraries/glew/bin/Release/x64/glew32.dll" />
					<Add library="res/libraries/SDL2/lib/libSDL2main.a" />
					<Add library="res/libraries/SDL2/bin/SDL2.dll" />
					<Add library="res/libraries/bullet/lib/libBullet2FileLoader.dll" />
					<Add library="res/libraries/bullet/lib/libBullet3Collision.dll" />
					<Add library="res/libraries/bullet/lib/libBullet3Common.dll" />
					<Add library="res/libraries/bullet/lib/libBullet3Dynamics.dll" />
					<Add library="res/libraries/bullet/lib/libBullet3Geometry.dll" />
					<Add library="res/libraries/bullet/lib/libBullet3OpenCL_clew.dll" />
					<Add library="res/libraries/bullet/lib/libBulletCollision.dll" />
					<Add library="res/libraries/bullet/lib/libBulletDynamics.dll" />
					<Add library="res/libraries/bullet/lib/libBulletInverseDynamics.dll" />
					<Add library="res/libraries/bullet/lib/libBulletSoftBody.dll" />
					<Add library="res/libraries/bullet/lib/libLinearMath.dll" />
				</Linker>
			</Target>
			<Target title="Release">
				<Option output="bin/Release/ClientSide" prefix_auto="1" extension_auto="1" />
				<Option object_output="obj/Release/" />
				<Option type="1" />
				<Option compiler="gcc" />
				<Compiler>
					<Add option="-O2" />
					<Add directory="../ClientSide" />
					<Add directory="particles" />
				</Compiler>
				<Linker>
					<Add option="-s" />
				</Linker>
			</Target>
		</Build>
		<Compiler>
			<Add option="-Wall" />
			<Add option="-fexceptions" />
		</Compiler>
		<Unit filename="ClientSide.cbp" />
		<Unit filename="box.cpp" />
		<Unit filename="box.h" />
		<Unit filename="camera.cpp" />
		<Unit filename="camera.h" />
		<Unit filename="deferred_light_shader.cpp" />
		<Unit filename="deferred_light_shader.h" />
		<Unit filename="directional_light.cpp" />
		<Unit filename="directional_light.h" />
		<Unit filename="display.cpp" />
		<Unit filename="display.h" />
		<Unit filename="entity.cpp" />
		<Unit filename="entity.h" />
		<Unit filename="font.cpp" />
		<Unit filename="font.h" />
		<Unit filename="framebuffer.cpp" />
		<Unit filename="framebuffer.h" />
		<Unit filename="g_buffer.cpp" />
		<Unit filename="g_buffer.h" />
		<Unit filename="game.cpp" />
		<Unit filename="game.h" />
		<Unit filename="general_shader.cpp" />
		<Unit filename="general_shader.h" />
		<Unit filename="input.cpp" />
		<Unit filename="input.h" />
		<Unit filename="light.cpp" />
		<Unit filename="light.h" />
		<Unit filename="main.cpp" />
		<Unit filename="math_utils.cpp" />
		<Unit filename="math_utils.h" />
		<Unit filename="mesh.cpp" />
		<Unit filename="mesh.h" />
		<Unit filename="particles/particle.cpp" />
		<Unit filename="particles/particle.h" />
		<Unit filename="particles/particle_renderer.cpp" />
		<Unit filename="particles/particle_renderer.h" />
		<Unit filename="particles/particle_shader.cpp" />
		<Unit filename="particles/particle_shader.fs" />
		<Unit filename="particles/particle_shader.gs" />
		<Unit filename="particles/particle_shader.h" />
		<Unit filename="particles/particle_shader.vs" />
		<Unit filename="particles/post_process.fs" />
		<Unit filename="particles/post_process.vs" />
		<Unit filename="player.cpp" />
		<Unit filename="player.h" />
		<Unit filename="post_process.cpp" />
		<Unit filename="post_process.h" />
		<Unit filename="puzzle_object.cpp" />
		<Unit filename="puzzle_object.h" />
		<Unit filename="res/shaders/fragment" />
		<Unit filename="res/shaders/fragment_def" />
		<Unit filename="res/shaders/fragment_empty" />
		<Unit filename="res/shaders/fragment_light" />
		<Unit filename="res/shaders/fragment_sky.txt" />
		<Unit filename="res/shaders/hBlur.fs" />
		<Unit filename="res/shaders/hBlur.vs" />
		<Unit filename="res/shaders/text_fs" />
		<Unit filename="res/shaders/text_vs" />
		<Unit filename="res/shaders/vertex" />
		<Unit filename="res/shaders/vertex_def" />
		<Unit filename="res/shaders/vertex_empty" />
		<Unit filename="res/shaders/vertex_light" />
		<Unit filename="res/shaders/vertex_sky.txt" />
		<Unit filename="res/shaders/wBlur.fs" />
		<Unit filename="res/shaders/wBlur.vs" />
		<Unit filename="shader.cpp" />
		<Unit filename="shader.h" />
		<Unit filename="simple_shader.cpp" />
		<Unit filename="simple_shader.h" />
		<Unit filename="sphere.cpp" />
		<Unit filename="sphere.h" />
		<Unit filename="text.cpp" />
		<Unit filename="text.h" />
		<Unit filename="text_shader.cpp" />
		<Unit filename="text_shader.h" />
		<Unit filename="texture.cpp" />
		<Unit filename="texture.h" />
		<Extensions>
			<code_completion />
			<envvars />
			<debugger />
			<lib_finder disable_auto="1" />
		</Extensions>
	</Project>
</CodeBlocks_project_file>
