<?xml version="1.0" encoding="UTF-8" standalone="yes" ?>
<CodeBlocks_project_file>
	<FileVersion major="1" minor="6" />
	<Project>
		<Option title="ClientSide" />
		<Option pch_mode="2" />
		<Option compiler="gcc" />
		<Build>
			<Target title="Debug">
				<Option output="bin/Debug/ClientSide" prefix_auto="1" extension_auto="1" />
				<Option object_output="obj/Debug/" />
				<Option type="1" />
				<Option compiler="gcc" />
				<Compiler>
					<Add option="-g" />
					<Add directory="res/libraries/glm" />
					<Add directory="res/libraries/SDL2/include" />
					<Add directory="res/libraries/glew/include" />
				</Compiler>
				<Linker>
					<Add option="-lmingw32" />
					<Add library="OpenGL32" />
					<Add library="res\libraries\glew\bin\Release\x64\glew32.dll" />
					<Add library="res\libraries\SDL2\lib\libSDL2main.a" />
					<Add library="res\libraries\SDL2\bin\SDL2.dll" />
				</Linker>
			</Target>
			<Target title="Release">
				<Option output="bin/Release/ClientSide" prefix_auto="1" extension_auto="1" />
				<Option object_output="obj/Release/" />
				<Option type="1" />
				<Option compiler="gcc" />
				<Compiler>
					<Add option="-O2" />
					<Add directory="../ClientSide" />
				</Compiler>
				<Linker>
					<Add option="-s" />
				</Linker>
			</Target>
		</Build>
		<Compiler>
			<Add option="-Wall" />
			<Add option="-fexceptions" />
		</Compiler>
		<Unit filename="camera.cpp" />
		<Unit filename="camera.h" />
		<Unit filename="display.cpp" />
		<Unit filename="display.h" />
		<Unit filename="entity.cpp" />
		<Unit filename="entity.h" />
		<Unit filename="input.cpp" />
		<Unit filename="input.h" />
		<Unit filename="main.cpp" />
		<Unit filename="mesh.cpp" />
		<Unit filename="mesh.h" />
		<Unit filename="shader.cpp" />
		<Unit filename="shader.h" />
		<Extensions>
			<code_completion />
			<envvars />
			<debugger />
			<lib_finder disable_auto="1" />
		</Extensions>
	</Project>
</CodeBlocks_project_file>
